
Microsoft Visual Studio Solution File, Format Version 12.00
# Visual Studio Version 17
VisualStudioVersion = 17.0.32126.317
MinimumVisualStudioVersion = 10.0.40219.1
Project("{9A19103F-16F7-4668-BE54-9A1E7A4F7556}") = "Qwixx.Server", "Qwixx\Server\Qwixx.Server.csproj", "{18C47DD3-C5BB-4550-AFB4-35389D5FB442}"
EndProject
Project("{9A19103F-16F7-4668-BE54-9A1E7A4F7556}") = "Qwixx.Client", "Qwixx\Client\Qwixx.Client.csproj", "{8859A160-A147-4AC9-9286-3E165E86B117}"
EndProject
Project("{9A19103F-16F7-4668-BE54-9A1E7A4F7556}") = "Qwixx.Shared", "Qwixx\Shared\Qwixx.Shared.csproj", "{035B7BBE-89F5-4564-A6BA-C547C35A6B5F}"
EndProject
Project("{9A19103F-16F7-4668-BE54-9A1E7A4F7556}") = "GameLogic", "GameLogic\GameLogic.csproj", "{200D517C-1CE3-4FF8-A3AB-72AD6D0ECC34}"
EndProject
Global
	GlobalSection(SolutionConfigurationPlatforms) = preSolution
		Debug|Any CPU = Debug|Any CPU
		Release|Any CPU = Release|Any CPU
	EndGlobalSection
	GlobalSection(ProjectConfigurationPlatforms) = postSolution
		{18C47DD3-C5BB-4550-AFB4-35389D5FB442}.Debug|Any CPU.ActiveCfg = Debug|Any CPU
		{18C47DD3-C5BB-4550-AFB4-35389D5FB442}.Debug|Any CPU.Build.0 = Debug|Any CPU
		{18C47DD3-C5BB-4550-AFB4-35389D5FB442}.Release|Any CPU.ActiveCfg = Release|Any CPU
		{18C47DD3-C5BB-4550-AFB4-35389D5FB442}.Release|Any CPU.Build.0 = Release|Any CPU
		{8859A160-A147-4AC9-9286-3E165E86B117}.Debug|Any CPU.ActiveCfg = Debug|Any CPU
		{8859A160-A147-4AC9-9286-3E165E86B117}.Debug|Any CPU.Build.0 = Debug|Any CPU
		{8859A160-A147-4AC9-9286-3E165E86B117}.Release|Any CPU.ActiveCfg = Release|Any CPU
		{8859A160-A147-4AC9-9286-3E165E86B117}.Release|Any CPU.Build.0 = Release|Any CPU
		{035B7BBE-89F5-4564-A6BA-C547C35A6B5F}.Debug|Any CPU.ActiveCfg = Debug|Any CPU
		{035B7BBE-89F5-4564-A6BA-C547C35A6B5F}.Debug|Any CPU.Build.0 = Debug|Any CPU
		{035B7BBE-89F5-4564-A6BA-C547C35A6B5F}.Release|Any CPU.ActiveCfg = Release|Any CPU
		{035B7BBE-89F5-4564-A6BA-C547C35A6B5F}.Release|Any CPU.Build.0 = Release|Any CPU
		{200D517C-1CE3-4FF8-A3AB-72AD6D0ECC34}.Debug|Any CPU.ActiveCfg = Debug|Any CPU
		{200D517C-1CE3-4FF8-A3AB-72AD6D0ECC34}.Debug|Any CPU.Build.0 = Debug|Any CPU
		{200D517C-1CE3-4FF8-A3AB-72AD6D0ECC34}.Release|Any CPU.ActiveCfg = Release|Any CPU
		{200D517C-1CE3-4FF8-A3AB-72AD6D0ECC34}.Release|Any CPU.Build.0 = Release|Any CPU
	EndGlobalSection
	GlobalSection(SolutionProperties) = preSolution
		HideSolutionNode = FALSE
	EndGlobalSection
	GlobalSection(ExtensibilityGlobals) = postSolution
		SolutionGuid = {41C5C21B-4C0F-4FAF-8C51-2767663F3400}
	EndGlobalSection
EndGlobal
